
Microsoft Visual Studio Solution File, Format Version 12.00
# Visual Studio Version 16
VisualStudioVersion = 16.0.30128.74
MinimumVisualStudioVersion = 10.0.40219.1
Project("{9A19103F-16F7-4668-BE54-9A1E7A4F7556}") = "Lightweight car register WPF Core App", "Lightweight car register WPF Core App\Lightweight car register WPF Core App.csproj", "{4BC8EE73-C771-42E7-84DC-F49D9E812FCA}"
EndProject
Project("{FAE04EC0-301F-11D3-BF4B-00C04F79EFBC}") = "CarsRepositoryLibrary", "CarsRepositoryLibrary\CarsRepositoryLibrary.csproj", "{E3140DF6-A139-4EA7-B909-D5513129BFD4}"
EndProject
Global
	GlobalSection(SolutionConfigurationPlatforms) = preSolution
		Debug|Any CPU = Debug|Any CPU
		Release|Any CPU = Release|Any CPU
	EndGlobalSection
	GlobalSection(ProjectConfigurationPlatforms) = postSolution
		{4BC8EE73-C771-42E7-84DC-F49D9E812FCA}.Debug|Any CPU.ActiveCfg = Debug|Any CPU
		{4BC8EE73-C771-42E7-84DC-F49D9E812FCA}.Debug|Any CPU.Build.0 = Debug|Any CPU
		{4BC8EE73-C771-42E7-84DC-F49D9E812FCA}.Release|Any CPU.ActiveCfg = Release|Any CPU
		{4BC8EE73-C771-42E7-84DC-F49D9E812FCA}.Release|Any CPU.Build.0 = Release|Any CPU
		{E3140DF6-A139-4EA7-B909-D5513129BFD4}.Debug|Any CPU.ActiveCfg = Debug|Any CPU
		{E3140DF6-A139-4EA7-B909-D5513129BFD4}.Debug|Any CPU.Build.0 = Debug|Any CPU
		{E3140DF6-A139-4EA7-B909-D5513129BFD4}.Release|Any CPU.ActiveCfg = Release|Any CPU
		{E3140DF6-A139-4EA7-B909-D5513129BFD4}.Release|Any CPU.Build.0 = Release|Any CPU
	EndGlobalSection
	GlobalSection(SolutionProperties) = preSolution
		HideSolutionNode = FALSE
	EndGlobalSection
	GlobalSection(ExtensibilityGlobals) = postSolution
		SolutionGuid = {F61AA3E3-2580-4827-861F-C9969E2D9435}
	EndGlobalSection
EndGlobal
